
Microsoft Visual Studio Solution File, Format Version 12.00
# Visual Studio Version 16
VisualStudioVersion = 16.0.30804.86
MinimumVisualStudioVersion = 10.0.40219.1
Project("{FAE04EC0-301F-11D3-BF4B-00C04F79EFBC}") = "Lab1_SortedLinkedList", "Lab1_SortedLinkedList\Lab1_SortedLinkedList.csproj", "{1F013579-1CE2-458F-BDF6-DA8036F7E76B}"
EndProject
Global
	GlobalSection(SolutionConfigurationPlatforms) = preSolution
		Debug|Any CPU = Debug|Any CPU
		Release|Any CPU = Release|Any CPU
	EndGlobalSection
	GlobalSection(ProjectConfigurationPlatforms) = postSolution
		{1F013579-1CE2-458F-BDF6-DA8036F7E76B}.Debug|Any CPU.ActiveCfg = Debug|Any CPU
		{1F013579-1CE2-458F-BDF6-DA8036F7E76B}.Debug|Any CPU.Build.0 = Debug|Any CPU
		{1F013579-1CE2-458F-BDF6-DA8036F7E76B}.Release|Any CPU.ActiveCfg = Release|Any CPU
		{1F013579-1CE2-458F-BDF6-DA8036F7E76B}.Release|Any CPU.Build.0 = Release|Any CPU
	EndGlobalSection
	GlobalSection(SolutionProperties) = preSolution
		HideSolutionNode = FALSE
	EndGlobalSection
	GlobalSection(ExtensibilityGlobals) = postSolution
		SolutionGuid = {F9E1BAFA-F12B-4540-B39D-E72B695C1564}
	EndGlobalSection
EndGlobal
